Microsoft Visual Studio Solution File, Format Version 12.00
# Visual Studio Version 17
VisualStudioVersion = 17.5.2.0
MinimumVisualStudioVersion = 10.0.40219.1
Project("{FAE04EC0-301F-11D3-BF4B-00C04F79EFBC}") = "TripBookingBE", "TripBookingBE.csproj", "{929AC209-A666-6CB9-7123-6FC7562AC426}"
EndProject
Global
	GlobalSection(SolutionConfigurationPlatforms) = preSolution
		Debug|Any CPU = Debug|Any CPU
		Release|Any CPU = Release|Any CPU
	EndGlobalSection
	GlobalSection(ProjectConfigurationPlatforms) = postSolution
		{929AC209-A666-6CB9-7123-6FC7562AC426}.Debug|Any CPU.ActiveCfg = Debug|Any CPU
		{929AC209-A666-6CB9-7123-6FC7562AC426}.Debug|Any CPU.Build.0 = Debug|Any CPU
		{929AC209-A666-6CB9-7123-6FC7562AC426}.Release|Any CPU.ActiveCfg = Release|Any CPU
		{929AC209-A666-6CB9-7123-6FC7562AC426}.Release|Any CPU.Build.0 = Release|Any CPU
	EndGlobalSection
	GlobalSection(SolutionProperties) = preSolution
		HideSolutionNode = FALSE
	EndGlobalSection
	GlobalSection(ExtensibilityGlobals) = postSolution
		SolutionGuid = {B1980C23-B7FD-4A39-B9A6-2209754F12D2}
	EndGlobalSection
EndGlobal
